
Microsoft Visual Studio Solution File, Format Version 12.00
# Visual Studio Version 17
VisualStudioVersion = 17.5.33516.290
MinimumVisualStudioVersion = 10.0.40219.1
Project("{FAE04EC0-301F-11D3-BF4B-00C04F79EFBC}") = "DynamicTableLearn", "DynamicTableLearn\DynamicTableLearn.csproj", "{2C797D81-95AB-4FC8-B728-6E4779CEF2B5}"
EndProject
Global
	GlobalSection(SolutionConfigurationPlatforms) = preSolution
		Debug|Any CPU = Debug|Any CPU
		Release|Any CPU = Release|Any CPU
	EndGlobalSection
	GlobalSection(ProjectConfigurationPlatforms) = postSolution
		{2C797D81-95AB-4FC8-B728-6E4779CEF2B5}.Debug|Any CPU.ActiveCfg = Debug|Any CPU
		{2C797D81-95AB-4FC8-B728-6E4779CEF2B5}.Debug|Any CPU.Build.0 = Debug|Any CPU
		{2C797D81-95AB-4FC8-B728-6E4779CEF2B5}.Release|Any CPU.ActiveCfg = Release|Any CPU
		{2C797D81-95AB-4FC8-B728-6E4779CEF2B5}.Release|Any CPU.Build.0 = Release|Any CPU
	EndGlobalSection
	GlobalSection(SolutionProperties) = preSolution
		HideSolutionNode = FALSE
	EndGlobalSection
	GlobalSection(ExtensibilityGlobals) = postSolution
		SolutionGuid = {49F37DA3-3DE0-462D-AC58-730A4A1681D0}
	EndGlobalSection
EndGlobal
